
Microsoft Visual Studio Solution File, Format Version 12.00
# Visual Studio Version 16
VisualStudioVersion = 16.0.31005.135
MinimumVisualStudioVersion = 10.0.40219.1
Project("{FAE04EC0-301F-11D3-BF4B-00C04F79EFBC}") = "Account_Service", "Account_Service\Account_Service.csproj", "{93860C20-D70E-4C1B-A3EF-16FDF340DA4C}"
EndProject
Global
	GlobalSection(SolutionConfigurationPlatforms) = preSolution
		Debug|Any CPU = Debug|Any CPU
		Release|Any CPU = Release|Any CPU
	EndGlobalSection
	GlobalSection(ProjectConfigurationPlatforms) = postSolution
		{93860C20-D70E-4C1B-A3EF-16FDF340DA4C}.Debug|Any CPU.ActiveCfg = Debug|Any CPU
		{93860C20-D70E-4C1B-A3EF-16FDF340DA4C}.Debug|Any CPU.Build.0 = Debug|Any CPU
		{93860C20-D70E-4C1B-A3EF-16FDF340DA4C}.Release|Any CPU.ActiveCfg = Release|Any CPU
		{93860C20-D70E-4C1B-A3EF-16FDF340DA4C}.Release|Any CPU.Build.0 = Release|Any CPU
	EndGlobalSection
	GlobalSection(SolutionProperties) = preSolution
		HideSolutionNode = FALSE
	EndGlobalSection
	GlobalSection(ExtensibilityGlobals) = postSolution
		SolutionGuid = {AABB8A4A-0BCD-43B5-8CF8-6C5484A45834}
	EndGlobalSection
EndGlobal
